{
  "name": "app",
  "version": "1.0.0",
  "lockfileVersion": 3,
  "requires": true,
  "packages": {
    "": {
      "name": "app",
      "version": "1.0.0",
      "license": "ISC",
      "dependencies": {
        "lion-lib-alfredhm": "^1.1.0"
      }
    },
    "node_modules/lion-lib-alfredhm": {
      "version": "1.1.0",
      "resolved": "https://registry.npmjs.org/lion-lib-alfredhm/-/lion-lib-alfredhm-1.1.0.tgz",
      "integrity": "sha512-CTMViNc5ZBnjBZVxDCl6YqharkucRt4JZPta229flCTGgROFZjgGWQyELzkVrv50J3zr0UZu1tb1/nMogwiqSA=="
    }
  }
}
